Microsoft Visual Studio Solution File, Format Version 11.00
# Visual Studio 2010
Project("{FAE04EC0-301F-11D3-BF4B-00C04F79EFBC}") = "Assembly-CSharp", "Assembly-CSharp.csproj", "{bb58045e-8483-23f2-4812-9069b14db6a7}"
EndProject
Project("{FAE04EC0-301F-11D3-BF4B-00C04F79EFBC}") = "UniRx", "UniRx.csproj", "{ad98a715-0837-e733-3c59-640f12e036a8}"
EndProject
Project("{FAE04EC0-301F-11D3-BF4B-00C04F79EFBC}") = "Assembly-CSharp-firstpass", "Assembly-CSharp-firstpass.csproj", "{e96a24e3-1d11-a760-9d0a-a87690219ddc}"
EndProject
Project("{FAE04EC0-301F-11D3-BF4B-00C04F79EFBC}") = "PlayOn", "PlayOn.csproj", "{6da9777b-75fa-1cb1-6816-152ca3bf9784}"
EndProject
Project("{FAE04EC0-301F-11D3-BF4B-00C04F79EFBC}") = "ToonyColorsPro2.Demo", "ToonyColorsPro2.Demo.csproj", "{0f7c6975-d0ba-03bb-d671-163b7fcedce0}"
EndProject
Project("{FAE04EC0-301F-11D3-BF4B-00C04F79EFBC}") = "Everyday.Ads", "Everyday.Ads.csproj", "{ee5623c0-9088-926c-1bd9-b48917e6221d}"
EndProject
Project("{FAE04EC0-301F-11D3-BF4B-00C04F79EFBC}") = "Everyday", "Everyday.csproj", "{e73e3cbf-9def-f6cf-9d18-427d024d031e}"
EndProject
Project("{FAE04EC0-301F-11D3-BF4B-00C04F79EFBC}") = "SingularSDK", "SingularSDK.csproj", "{99b167ce-7849-d344-cf28-ed497db772b0}"
EndProject
Project("{FAE04EC0-301F-11D3-BF4B-00C04F79EFBC}") = "MaxSdk.Scripts", "MaxSdk.Scripts.csproj", "{ab897d17-5cb6-34b1-c373-2d327639905d}"
EndProject
Project("{FAE04EC0-301F-11D3-BF4B-00C04F79EFBC}") = "ToonyColorsPro.Runtime", "ToonyColorsPro.Runtime.csproj", "{e804031b-e60f-7fa5-b6b7-a1c3feb23714}"
EndProject
Project("{FAE04EC0-301F-11D3-BF4B-00C04F79EFBC}") = "KinoBloom.Runtime", "KinoBloom.Runtime.csproj", "{a5fcc70d-c784-1138-20df-490dbb0a5413}"
EndProject
Project("{FAE04EC0-301F-11D3-BF4B-00C04F79EFBC}") = "Everyday.Editor", "Everyday.Editor.csproj", "{9fbbe512-0fb2-b931-2ea6-1be15bf5de6c}"
EndProject
Project("{FAE04EC0-301F-11D3-BF4B-00C04F79EFBC}") = "Assembly-CSharp-Editor-firstpass", "Assembly-CSharp-Editor-firstpass.csproj", "{abd48f75-45d4-491a-8ef6-a44d589b1038}"
EndProject
Project("{FAE04EC0-301F-11D3-BF4B-00C04F79EFBC}") = "MaxSdk.Scripts.IntegrationManager.Editor", "MaxSdk.Scripts.IntegrationManager.Editor.csproj", "{3bb3f8a4-6e9f-6dc7-3fba-d7e65e3bb629}"
EndProject
Project("{FAE04EC0-301F-11D3-BF4B-00C04F79EFBC}") = "ToonyColorsPro.Editor", "ToonyColorsPro.Editor.csproj", "{9360b73f-9af3-fe5c-9779-be6923ae2a7c}"
EndProject
Project("{FAE04EC0-301F-11D3-BF4B-00C04F79EFBC}") = "MaxSdk.Scripts.Editor", "MaxSdk.Scripts.Editor.csproj", "{aa26517a-2ae8-7fdb-79f3-76a2153feae1}"
EndProject
Project("{FAE04EC0-301F-11D3-BF4B-00C04F79EFBC}") = "MaxSdk.Mediation.Google.Editor", "MaxSdk.Mediation.Google.Editor.csproj", "{1fce6fd5-7300-c3c6-948f-aa4ce5eb5867}"
EndProject
Project("{FAE04EC0-301F-11D3-BF4B-00C04F79EFBC}") = "Assembly-CSharp-Editor", "Assembly-CSharp-Editor.csproj", "{0888e69e-6ddb-5d59-e492-8abc90ef12a0}"
EndProject
Project("{FAE04EC0-301F-11D3-BF4B-00C04F79EFBC}") = "Everyday.Ads.Editor", "Everyday.Ads.Editor.csproj", "{e462d88d-e9c3-d157-dd69-0eaeca2b8e6a}"
EndProject
Project("{FAE04EC0-301F-11D3-BF4B-00C04F79EFBC}") = "ToonyColorsPro.Demo.Editor", "ToonyColorsPro.Demo.Editor.csproj", "{0b269c79-9b59-5275-51a4-b219929099e1}"
EndProject
Project("{FAE04EC0-301F-11D3-BF4B-00C04F79EFBC}") = "Everyday.IAP.Editor", "Everyday.IAP.Editor.csproj", "{cde99c22-5e2f-4e1f-3634-ccf24c8bcb03}"
EndProject
Global
	GlobalSection(SolutionConfigurationPlatforms) = preSolution
		Debug|Any CPU = Debug|Any CPU
	EndGlobalSection
	GlobalSection(ProjectConfigurationPlatforms) = postSolution
		{bb58045e-8483-23f2-4812-9069b14db6a7}.Debug|Any CPU.ActiveCfg = Debug|Any CPU
		{bb58045e-8483-23f2-4812-9069b14db6a7}.Debug|Any CPU.Build.0 = Debug|Any CPU
		{ad98a715-0837-e733-3c59-640f12e036a8}.Debug|Any CPU.ActiveCfg = Debug|Any CPU
		{ad98a715-0837-e733-3c59-640f12e036a8}.Debug|Any CPU.Build.0 = Debug|Any CPU
		{e96a24e3-1d11-a760-9d0a-a87690219ddc}.Debug|Any CPU.ActiveCfg = Debug|Any CPU
		{e96a24e3-1d11-a760-9d0a-a87690219ddc}.Debug|Any CPU.Build.0 = Debug|Any CPU
		{6da9777b-75fa-1cb1-6816-152ca3bf9784}.Debug|Any CPU.ActiveCfg = Debug|Any CPU
		{6da9777b-75fa-1cb1-6816-152ca3bf9784}.Debug|Any CPU.Build.0 = Debug|Any CPU
		{0f7c6975-d0ba-03bb-d671-163b7fcedce0}.Debug|Any CPU.ActiveCfg = Debug|Any CPU
		{0f7c6975-d0ba-03bb-d671-163b7fcedce0}.Debug|Any CPU.Build.0 = Debug|Any CPU
		{ee5623c0-9088-926c-1bd9-b48917e6221d}.Debug|Any CPU.ActiveCfg = Debug|Any CPU
		{ee5623c0-9088-926c-1bd9-b48917e6221d}.Debug|Any CPU.Build.0 = Debug|Any CPU
		{e73e3cbf-9def-f6cf-9d18-427d024d031e}.Debug|Any CPU.ActiveCfg = Debug|Any CPU
		{e73e3cbf-9def-f6cf-9d18-427d024d031e}.Debug|Any CPU.Build.0 = Debug|Any CPU
		{99b167ce-7849-d344-cf28-ed497db772b0}.Debug|Any CPU.ActiveCfg = Debug|Any CPU
		{99b167ce-7849-d344-cf28-ed497db772b0}.Debug|Any CPU.Build.0 = Debug|Any CPU
		{ab897d17-5cb6-34b1-c373-2d327639905d}.Debug|Any CPU.ActiveCfg = Debug|Any CPU
		{ab897d17-5cb6-34b1-c373-2d327639905d}.Debug|Any CPU.Build.0 = Debug|Any CPU
		{e804031b-e60f-7fa5-b6b7-a1c3feb23714}.Debug|Any CPU.ActiveCfg = Debug|Any CPU
		{e804031b-e60f-7fa5-b6b7-a1c3feb23714}.Debug|Any CPU.Build.0 = Debug|Any CPU
		{a5fcc70d-c784-1138-20df-490dbb0a5413}.Debug|Any CPU.ActiveCfg = Debug|Any CPU
		{a5fcc70d-c784-1138-20df-490dbb0a5413}.Debug|Any CPU.Build.0 = Debug|Any CPU
		{9fbbe512-0fb2-b931-2ea6-1be15bf5de6c}.Debug|Any CPU.ActiveCfg = Debug|Any CPU
		{9fbbe512-0fb2-b931-2ea6-1be15bf5de6c}.Debug|Any CPU.Build.0 = Debug|Any CPU
		{abd48f75-45d4-491a-8ef6-a44d589b1038}.Debug|Any CPU.ActiveCfg = Debug|Any CPU
		{abd48f75-45d4-491a-8ef6-a44d589b1038}.Debug|Any CPU.Build.0 = Debug|Any CPU
		{3bb3f8a4-6e9f-6dc7-3fba-d7e65e3bb629}.Debug|Any CPU.ActiveCfg = Debug|Any CPU
		{3bb3f8a4-6e9f-6dc7-3fba-d7e65e3bb629}.Debug|Any CPU.Build.0 = Debug|Any CPU
		{9360b73f-9af3-fe5c-9779-be6923ae2a7c}.Debug|Any CPU.ActiveCfg = Debug|Any CPU
		{9360b73f-9af3-fe5c-9779-be6923ae2a7c}.Debug|Any CPU.Build.0 = Debug|Any CPU
		{aa26517a-2ae8-7fdb-79f3-76a2153feae1}.Debug|Any CPU.ActiveCfg = Debug|Any CPU
		{aa26517a-2ae8-7fdb-79f3-76a2153feae1}.Debug|Any CPU.Build.0 = Debug|Any CPU
		{1fce6fd5-7300-c3c6-948f-aa4ce5eb5867}.Debug|Any CPU.ActiveCfg = Debug|Any CPU
		{1fce6fd5-7300-c3c6-948f-aa4ce5eb5867}.Debug|Any CPU.Build.0 = Debug|Any CPU
		{0888e69e-6ddb-5d59-e492-8abc90ef12a0}.Debug|Any CPU.ActiveCfg = Debug|Any CPU
		{0888e69e-6ddb-5d59-e492-8abc90ef12a0}.Debug|Any CPU.Build.0 = Debug|Any CPU
		{e462d88d-e9c3-d157-dd69-0eaeca2b8e6a}.Debug|Any CPU.ActiveCfg = Debug|Any CPU
		{e462d88d-e9c3-d157-dd69-0eaeca2b8e6a}.Debug|Any CPU.Build.0 = Debug|Any CPU
		{0b269c79-9b59-5275-51a4-b219929099e1}.Debug|Any CPU.ActiveCfg = Debug|Any CPU
		{0b269c79-9b59-5275-51a4-b219929099e1}.Debug|Any CPU.Build.0 = Debug|Any CPU
		{cde99c22-5e2f-4e1f-3634-ccf24c8bcb03}.Debug|Any CPU.ActiveCfg = Debug|Any CPU
		{cde99c22-5e2f-4e1f-3634-ccf24c8bcb03}.Debug|Any CPU.Build.0 = Debug|Any CPU
	EndGlobalSection
EndGlobal
